
Microsoft Visual Studio Solution File, Format Version 12.00
# Visual Studio Version 16
VisualStudioVersion = 16.0.28803.452
MinimumVisualStudioVersion = 10.0.40219.1
Project("{FAE04EC0-301F-11D3-BF4B-00C04F79EFBC}") = "octane-visual-studio-plugin", "OctaneVSPlugin\octane-visual-studio-plugin.csproj", "{95ADAD0B-A1FF-4BE8-AE43-300204E3E667}"
EndProject
Project("{2150E333-8FDC-42A3-9474-1A3956D46DE8}") = "Solution Items", "Solution Items", "{C9436F60-8F57-4372-B1B1-087A613A86F1}"
	ProjectSection(SolutionItems) = preProject
		README.md = README.md
	EndProjectSection
EndProject
Project("{FAE04EC0-301F-11D3-BF4B-00C04F79EFBC}") = "octane-visual-studio-plugin-tests", "octane-visual-studio-plugin-tests\octane-visual-studio-plugin-tests.csproj", "{03A92195-E4C0-4E3B-BCBC-C49D9E1170F9}"
EndProject
Global
	GlobalSection(SolutionConfigurationPlatforms) = preSolution
		Debug|Any CPU = Debug|Any CPU
		Release|Any CPU = Release|Any CPU
	EndGlobalSection
	GlobalSection(ProjectConfigurationPlatforms) = postSolution
		{95ADAD0B-A1FF-4BE8-AE43-300204E3E667}.Debug|Any CPU.ActiveCfg = Debug|Any CPU
		{95ADAD0B-A1FF-4BE8-AE43-300204E3E667}.Debug|Any CPU.Build.0 = Debug|Any CPU
		{95ADAD0B-A1FF-4BE8-AE43-300204E3E667}.Release|Any CPU.ActiveCfg = Release|Any CPU
		{95ADAD0B-A1FF-4BE8-AE43-300204E3E667}.Release|Any CPU.Build.0 = Release|Any CPU
		{03A92195-E4C0-4E3B-BCBC-C49D9E1170F9}.Debug|Any CPU.ActiveCfg = Debug|Any CPU
		{03A92195-E4C0-4E3B-BCBC-C49D9E1170F9}.Debug|Any CPU.Build.0 = Debug|Any CPU
		{03A92195-E4C0-4E3B-BCBC-C49D9E1170F9}.Release|Any CPU.ActiveCfg = Release|Any CPU
		{03A92195-E4C0-4E3B-BCBC-C49D9E1170F9}.Release|Any CPU.Build.0 = Release|Any CPU
	EndGlobalSection
	GlobalSection(SolutionProperties) = preSolution
		HideSolutionNode = FALSE
	EndGlobalSection
	GlobalSection(ExtensibilityGlobals) = postSolution
		SolutionGuid = {A4BED532-BD4F-4EAF-BD6D-D895717A3C17}
	EndGlobalSection
EndGlobal
